
Microsoft Visual Studio Solution File, Format Version 12.00
# Visual Studio Version 16
VisualStudioVersion = 16.0.29728.190
MinimumVisualStudioVersion = 10.0.40219.1
Project("{00D1A9C2-B5F0-4AF3-8072-F6C62B433612}") = "DBAChecksDB", "DBAChecksDB\DBAChecksDB.sqlproj", "{DDE14068-5C6E-4E82-BF2F-7ED7681DBBC4}"
EndProject
Project("{F14B399A-7131-4C87-9E4B-1186C45EF12D}") = "DBAChecksReports", "DBAChecksReports\DBAChecksReports.rptproj", "{B6B06D8A-3AAB-4C5B-A7FA-2ED4ED98A111}"
EndProject
Project("{FAE04EC0-301F-11D3-BF4B-00C04F79EFBC}") = "DBAChecksService", "DBAChecksService\DBAChecksService.csproj", "{751B17F5-62EB-4338-AF23-AA9DE5926813}"
EndProject
Project("{FAE04EC0-301F-11D3-BF4B-00C04F79EFBC}") = "DBAChecks", "DBAChecks\DBAChecks.csproj", "{176C91F1-D5F4-4695-B1ED-2C021249B88F}"
EndProject
Project("{FAE04EC0-301F-11D3-BF4B-00C04F79EFBC}") = "DBAChecksServiceConfig", "DBAChecksServiceConfig\DBAChecksServiceConfig.csproj", "{799E3EC5-E66D-4953-9182-38E7471770A0}"
EndProject
Project("{FAE04EC0-301F-11D3-BF4B-00C04F79EFBC}") = "DBAChecksGUI", "DBAChecksGUI\DBAChecksGUI.csproj", "{C3356F62-9C3B-425C-8F23-4540D567A72A}"
EndProject
Global
	GlobalSection(SolutionConfigurationPlatforms) = preSolution
		Debug|Any CPU = Debug|Any CPU
		DebugLocal|Any CPU = DebugLocal|Any CPU
		Release|Any CPU = Release|Any CPU
	EndGlobalSection
	GlobalSection(ProjectConfigurationPlatforms) = postSolution
		{DDE14068-5C6E-4E82-BF2F-7ED7681DBBC4}.Debug|Any CPU.ActiveCfg = Debug|Any CPU
		{DDE14068-5C6E-4E82-BF2F-7ED7681DBBC4}.Debug|Any CPU.Build.0 = Debug|Any CPU
		{DDE14068-5C6E-4E82-BF2F-7ED7681DBBC4}.Debug|Any CPU.Deploy.0 = Debug|Any CPU
		{DDE14068-5C6E-4E82-BF2F-7ED7681DBBC4}.DebugLocal|Any CPU.ActiveCfg = Debug|Any CPU
		{DDE14068-5C6E-4E82-BF2F-7ED7681DBBC4}.DebugLocal|Any CPU.Build.0 = Debug|Any CPU
		{DDE14068-5C6E-4E82-BF2F-7ED7681DBBC4}.DebugLocal|Any CPU.Deploy.0 = Debug|Any CPU
		{DDE14068-5C6E-4E82-BF2F-7ED7681DBBC4}.Release|Any CPU.ActiveCfg = Release|Any CPU
		{DDE14068-5C6E-4E82-BF2F-7ED7681DBBC4}.Release|Any CPU.Build.0 = Release|Any CPU
		{DDE14068-5C6E-4E82-BF2F-7ED7681DBBC4}.Release|Any CPU.Deploy.0 = Release|Any CPU
		{B6B06D8A-3AAB-4C5B-A7FA-2ED4ED98A111}.Debug|Any CPU.ActiveCfg = Debug
		{B6B06D8A-3AAB-4C5B-A7FA-2ED4ED98A111}.Debug|Any CPU.Build.0 = Debug
		{B6B06D8A-3AAB-4C5B-A7FA-2ED4ED98A111}.Debug|Any CPU.Deploy.0 = Debug
		{B6B06D8A-3AAB-4C5B-A7FA-2ED4ED98A111}.DebugLocal|Any CPU.ActiveCfg = DebugLocal
		{B6B06D8A-3AAB-4C5B-A7FA-2ED4ED98A111}.DebugLocal|Any CPU.Build.0 = DebugLocal
		{B6B06D8A-3AAB-4C5B-A7FA-2ED4ED98A111}.Release|Any CPU.ActiveCfg = Release
		{B6B06D8A-3AAB-4C5B-A7FA-2ED4ED98A111}.Release|Any CPU.Build.0 = Release
		{B6B06D8A-3AAB-4C5B-A7FA-2ED4ED98A111}.Release|Any CPU.Deploy.0 = Release
		{751B17F5-62EB-4338-AF23-AA9DE5926813}.Debug|Any CPU.ActiveCfg = Debug|Any CPU
		{751B17F5-62EB-4338-AF23-AA9DE5926813}.Debug|Any CPU.Build.0 = Debug|Any CPU
		{751B17F5-62EB-4338-AF23-AA9DE5926813}.DebugLocal|Any CPU.ActiveCfg = Debug|Any CPU
		{751B17F5-62EB-4338-AF23-AA9DE5926813}.DebugLocal|Any CPU.Build.0 = Debug|Any CPU
		{751B17F5-62EB-4338-AF23-AA9DE5926813}.Release|Any CPU.ActiveCfg = Release|Any CPU
		{751B17F5-62EB-4338-AF23-AA9DE5926813}.Release|Any CPU.Build.0 = Release|Any CPU
		{176C91F1-D5F4-4695-B1ED-2C021249B88F}.Debug|Any CPU.ActiveCfg = Debug|Any CPU
		{176C91F1-D5F4-4695-B1ED-2C021249B88F}.Debug|Any CPU.Build.0 = Debug|Any CPU
		{176C91F1-D5F4-4695-B1ED-2C021249B88F}.DebugLocal|Any CPU.ActiveCfg = Debug|Any CPU
		{176C91F1-D5F4-4695-B1ED-2C021249B88F}.DebugLocal|Any CPU.Build.0 = Debug|Any CPU
		{176C91F1-D5F4-4695-B1ED-2C021249B88F}.Release|Any CPU.ActiveCfg = Release|Any CPU
		{176C91F1-D5F4-4695-B1ED-2C021249B88F}.Release|Any CPU.Build.0 = Release|Any CPU
		{799E3EC5-E66D-4953-9182-38E7471770A0}.Debug|Any CPU.ActiveCfg = Debug|Any CPU
		{799E3EC5-E66D-4953-9182-38E7471770A0}.Debug|Any CPU.Build.0 = Debug|Any CPU
		{799E3EC5-E66D-4953-9182-38E7471770A0}.DebugLocal|Any CPU.ActiveCfg = Debug|Any CPU
		{799E3EC5-E66D-4953-9182-38E7471770A0}.DebugLocal|Any CPU.Build.0 = Debug|Any CPU
		{799E3EC5-E66D-4953-9182-38E7471770A0}.Release|Any CPU.ActiveCfg = Release|Any CPU
		{799E3EC5-E66D-4953-9182-38E7471770A0}.Release|Any CPU.Build.0 = Release|Any CPU
		{C3356F62-9C3B-425C-8F23-4540D567A72A}.Debug|Any CPU.ActiveCfg = Debug|Any CPU
		{C3356F62-9C3B-425C-8F23-4540D567A72A}.Debug|Any CPU.Build.0 = Debug|Any CPU
		{C3356F62-9C3B-425C-8F23-4540D567A72A}.DebugLocal|Any CPU.ActiveCfg = Debug|Any CPU
		{C3356F62-9C3B-425C-8F23-4540D567A72A}.DebugLocal|Any CPU.Build.0 = Debug|Any CPU
		{C3356F62-9C3B-425C-8F23-4540D567A72A}.Release|Any CPU.ActiveCfg = Release|Any CPU
		{C3356F62-9C3B-425C-8F23-4540D567A72A}.Release|Any CPU.Build.0 = Release|Any CPU
	EndGlobalSection
	GlobalSection(SolutionProperties) = preSolution
		HideSolutionNode = FALSE
	EndGlobalSection
	GlobalSection(ExtensibilityGlobals) = postSolution
		SolutionGuid = {200F5F84-D72C-4088-8088-DF01E95D00D7}
	EndGlobalSection
EndGlobal
