
Microsoft Visual Studio Solution File, Format Version 12.00
# Visual Studio Version 17
VisualStudioVersion = 17.0.31825.309
MinimumVisualStudioVersion = 10.0.40219.1
Project("{00D1A9C2-B5F0-4AF3-8072-F6C62B433612}") = "DBADashDB", "DBADashDB\DBADashDB.sqlproj", "{DDE14068-5C6E-4E82-BF2F-7ED7681DBBC4}"
EndProject
Project("{9A19103F-16F7-4668-BE54-9A1E7A4F7556}") = "DBADashService", "DBADashService\DBADashService.csproj", "{751B17F5-62EB-4338-AF23-AA9DE5926813}"
EndProject
Project("{9A19103F-16F7-4668-BE54-9A1E7A4F7556}") = "DBADash", "DBADash\DBADash.csproj", "{176C91F1-D5F4-4695-B1ED-2C021249B88F}"
EndProject
Project("{9A19103F-16F7-4668-BE54-9A1E7A4F7556}") = "ServiceConfigTool", "DBADashServiceConfig\ServiceConfigTool.csproj", "{799E3EC5-E66D-4953-9182-38E7471770A0}"
EndProject
Project("{9A19103F-16F7-4668-BE54-9A1E7A4F7556}") = "DBADashGUI", "DBADashGUI\DBADashGUI.csproj", "{C3356F62-9C3B-425C-8F23-4540D567A72A}"
EndProject
Project("{9A19103F-16F7-4668-BE54-9A1E7A4F7556}") = "DBADashConfig", "DBADashConfig\DBADashConfig.csproj", "{193E5F64-E678-434E-983B-71A06EB87477}"
EndProject
Project("{9A19103F-16F7-4668-BE54-9A1E7A4F7556}") = "DBADash.Test", "DBADash.Test\DBADash.Test.csproj", "{EF27ED83-107C-4C04-AE1E-6568C6520003}"
EndProject
Project("{9A19103F-16F7-4668-BE54-9A1E7A4F7556}") = "DBADashSharedGUI", "DBADashSharedGUI\DBADashSharedGUI.csproj", "{EAD0C906-86A2-4A12-80BC-582A25E557DB}"
EndProject
Project("{2150E333-8FDC-42A3-9474-1A3956D46DE8}") = "Solution Items", "Solution Items", "{30FF5BFF-FDD6-4A23-8A51-9B287A05A29E}"
	ProjectSection(SolutionItems) = preProject
		.editorconfig = .editorconfig
	EndProjectSection
EndProject
Global
	GlobalSection(SolutionConfigurationPlatforms) = preSolution
		CLI|Any CPU = CLI|Any CPU
		Debug|Any CPU = Debug|Any CPU
		Debug2|Any CPU = Debug2|Any CPU
		DebugLocal|Any CPU = DebugLocal|Any CPU
		Release|Any CPU = Release|Any CPU
	EndGlobalSection
	GlobalSection(ProjectConfigurationPlatforms) = postSolution
		{DDE14068-5C6E-4E82-BF2F-7ED7681DBBC4}.CLI|Any CPU.ActiveCfg = CLI|Any CPU
		{DDE14068-5C6E-4E82-BF2F-7ED7681DBBC4}.CLI|Any CPU.Deploy.0 = CLI|Any CPU
		{DDE14068-5C6E-4E82-BF2F-7ED7681DBBC4}.Debug|Any CPU.ActiveCfg = Debug|Any CPU
		{DDE14068-5C6E-4E82-BF2F-7ED7681DBBC4}.Debug|Any CPU.Build.0 = Debug|Any CPU
		{DDE14068-5C6E-4E82-BF2F-7ED7681DBBC4}.Debug|Any CPU.Deploy.0 = Debug|Any CPU
		{DDE14068-5C6E-4E82-BF2F-7ED7681DBBC4}.Debug2|Any CPU.ActiveCfg = Debug2|Any CPU
		{DDE14068-5C6E-4E82-BF2F-7ED7681DBBC4}.Debug2|Any CPU.Build.0 = Debug2|Any CPU
		{DDE14068-5C6E-4E82-BF2F-7ED7681DBBC4}.Debug2|Any CPU.Deploy.0 = Debug2|Any CPU
		{DDE14068-5C6E-4E82-BF2F-7ED7681DBBC4}.DebugLocal|Any CPU.ActiveCfg = Debug|Any CPU
		{DDE14068-5C6E-4E82-BF2F-7ED7681DBBC4}.DebugLocal|Any CPU.Build.0 = Debug|Any CPU
		{DDE14068-5C6E-4E82-BF2F-7ED7681DBBC4}.DebugLocal|Any CPU.Deploy.0 = Debug|Any CPU
		{DDE14068-5C6E-4E82-BF2F-7ED7681DBBC4}.Release|Any CPU.ActiveCfg = Release|Any CPU
		{DDE14068-5C6E-4E82-BF2F-7ED7681DBBC4}.Release|Any CPU.Build.0 = Release|Any CPU
		{DDE14068-5C6E-4E82-BF2F-7ED7681DBBC4}.Release|Any CPU.Deploy.0 = Release|Any CPU
		{751B17F5-62EB-4338-AF23-AA9DE5926813}.CLI|Any CPU.ActiveCfg = CLI|Any CPU
		{751B17F5-62EB-4338-AF23-AA9DE5926813}.CLI|Any CPU.Build.0 = CLI|Any CPU
		{751B17F5-62EB-4338-AF23-AA9DE5926813}.Debug|Any CPU.ActiveCfg = Debug|Any CPU
		{751B17F5-62EB-4338-AF23-AA9DE5926813}.Debug|Any CPU.Build.0 = Debug|Any CPU
		{751B17F5-62EB-4338-AF23-AA9DE5926813}.Debug2|Any CPU.ActiveCfg = Debug2|Any CPU
		{751B17F5-62EB-4338-AF23-AA9DE5926813}.Debug2|Any CPU.Build.0 = Debug2|Any CPU
		{751B17F5-62EB-4338-AF23-AA9DE5926813}.DebugLocal|Any CPU.ActiveCfg = Debug|Any CPU
		{751B17F5-62EB-4338-AF23-AA9DE5926813}.DebugLocal|Any CPU.Build.0 = Debug|Any CPU
		{751B17F5-62EB-4338-AF23-AA9DE5926813}.Release|Any CPU.ActiveCfg = Release|Any CPU
		{751B17F5-62EB-4338-AF23-AA9DE5926813}.Release|Any CPU.Build.0 = Release|Any CPU
		{176C91F1-D5F4-4695-B1ED-2C021249B88F}.CLI|Any CPU.ActiveCfg = CLI|Any CPU
		{176C91F1-D5F4-4695-B1ED-2C021249B88F}.CLI|Any CPU.Build.0 = CLI|Any CPU
		{176C91F1-D5F4-4695-B1ED-2C021249B88F}.Debug|Any CPU.ActiveCfg = Debug|Any CPU
		{176C91F1-D5F4-4695-B1ED-2C021249B88F}.Debug|Any CPU.Build.0 = Debug|Any CPU
		{176C91F1-D5F4-4695-B1ED-2C021249B88F}.Debug2|Any CPU.ActiveCfg = Debug2|Any CPU
		{176C91F1-D5F4-4695-B1ED-2C021249B88F}.Debug2|Any CPU.Build.0 = Debug2|Any CPU
		{176C91F1-D5F4-4695-B1ED-2C021249B88F}.DebugLocal|Any CPU.ActiveCfg = Debug|Any CPU
		{176C91F1-D5F4-4695-B1ED-2C021249B88F}.DebugLocal|Any CPU.Build.0 = Debug|Any CPU
		{176C91F1-D5F4-4695-B1ED-2C021249B88F}.Release|Any CPU.ActiveCfg = Release|Any CPU
		{176C91F1-D5F4-4695-B1ED-2C021249B88F}.Release|Any CPU.Build.0 = Release|Any CPU
		{799E3EC5-E66D-4953-9182-38E7471770A0}.CLI|Any CPU.ActiveCfg = CLI|Any CPU
		{799E3EC5-E66D-4953-9182-38E7471770A0}.CLI|Any CPU.Build.0 = CLI|Any CPU
		{799E3EC5-E66D-4953-9182-38E7471770A0}.Debug|Any CPU.ActiveCfg = Debug|Any CPU
		{799E3EC5-E66D-4953-9182-38E7471770A0}.Debug|Any CPU.Build.0 = Debug|Any CPU
		{799E3EC5-E66D-4953-9182-38E7471770A0}.Debug2|Any CPU.ActiveCfg = Debug2|Any CPU
		{799E3EC5-E66D-4953-9182-38E7471770A0}.Debug2|Any CPU.Build.0 = Debug2|Any CPU
		{799E3EC5-E66D-4953-9182-38E7471770A0}.DebugLocal|Any CPU.ActiveCfg = Debug|Any CPU
		{799E3EC5-E66D-4953-9182-38E7471770A0}.DebugLocal|Any CPU.Build.0 = Debug|Any CPU
		{799E3EC5-E66D-4953-9182-38E7471770A0}.Release|Any CPU.ActiveCfg = Release|Any CPU
		{799E3EC5-E66D-4953-9182-38E7471770A0}.Release|Any CPU.Build.0 = Release|Any CPU
		{C3356F62-9C3B-425C-8F23-4540D567A72A}.CLI|Any CPU.ActiveCfg = CLI|Any CPU
		{C3356F62-9C3B-425C-8F23-4540D567A72A}.CLI|Any CPU.Build.0 = CLI|Any CPU
		{C3356F62-9C3B-425C-8F23-4540D567A72A}.Debug|Any CPU.ActiveCfg = Debug|Any CPU
		{C3356F62-9C3B-425C-8F23-4540D567A72A}.Debug|Any CPU.Build.0 = Debug|Any CPU
		{C3356F62-9C3B-425C-8F23-4540D567A72A}.Debug2|Any CPU.ActiveCfg = Debug2|Any CPU
		{C3356F62-9C3B-425C-8F23-4540D567A72A}.Debug2|Any CPU.Build.0 = Debug2|Any CPU
		{C3356F62-9C3B-425C-8F23-4540D567A72A}.DebugLocal|Any CPU.ActiveCfg = Debug|Any CPU
		{C3356F62-9C3B-425C-8F23-4540D567A72A}.DebugLocal|Any CPU.Build.0 = Debug|Any CPU
		{C3356F62-9C3B-425C-8F23-4540D567A72A}.Release|Any CPU.ActiveCfg = Release|Any CPU
		{C3356F62-9C3B-425C-8F23-4540D567A72A}.Release|Any CPU.Build.0 = Release|Any CPU
		{193E5F64-E678-434E-983B-71A06EB87477}.CLI|Any CPU.ActiveCfg = CLI|Any CPU
		{193E5F64-E678-434E-983B-71A06EB87477}.CLI|Any CPU.Build.0 = CLI|Any CPU
		{193E5F64-E678-434E-983B-71A06EB87477}.Debug|Any CPU.ActiveCfg = Debug|Any CPU
		{193E5F64-E678-434E-983B-71A06EB87477}.Debug|Any CPU.Build.0 = Debug|Any CPU
		{193E5F64-E678-434E-983B-71A06EB87477}.Debug2|Any CPU.ActiveCfg = Debug|Any CPU
		{193E5F64-E678-434E-983B-71A06EB87477}.Debug2|Any CPU.Build.0 = Debug|Any CPU
		{193E5F64-E678-434E-983B-71A06EB87477}.DebugLocal|Any CPU.ActiveCfg = Debug|Any CPU
		{193E5F64-E678-434E-983B-71A06EB87477}.DebugLocal|Any CPU.Build.0 = Debug|Any CPU
		{193E5F64-E678-434E-983B-71A06EB87477}.Release|Any CPU.ActiveCfg = Release|Any CPU
		{193E5F64-E678-434E-983B-71A06EB87477}.Release|Any CPU.Build.0 = Release|Any CPU
		{EF27ED83-107C-4C04-AE1E-6568C6520003}.CLI|Any CPU.ActiveCfg = CLI|Any CPU
		{EF27ED83-107C-4C04-AE1E-6568C6520003}.CLI|Any CPU.Build.0 = CLI|Any CPU
		{EF27ED83-107C-4C04-AE1E-6568C6520003}.Debug|Any CPU.ActiveCfg = Debug|Any CPU
		{EF27ED83-107C-4C04-AE1E-6568C6520003}.Debug|Any CPU.Build.0 = Debug|Any CPU
		{EF27ED83-107C-4C04-AE1E-6568C6520003}.Debug2|Any CPU.ActiveCfg = Debug|Any CPU
		{EF27ED83-107C-4C04-AE1E-6568C6520003}.Debug2|Any CPU.Build.0 = Debug|Any CPU
		{EF27ED83-107C-4C04-AE1E-6568C6520003}.DebugLocal|Any CPU.ActiveCfg = Debug|Any CPU
		{EF27ED83-107C-4C04-AE1E-6568C6520003}.DebugLocal|Any CPU.Build.0 = Debug|Any CPU
		{EF27ED83-107C-4C04-AE1E-6568C6520003}.Release|Any CPU.ActiveCfg = Release|Any CPU
		{EF27ED83-107C-4C04-AE1E-6568C6520003}.Release|Any CPU.Build.0 = Release|Any CPU
		{EAD0C906-86A2-4A12-80BC-582A25E557DB}.CLI|Any CPU.ActiveCfg = Debug|Any CPU
		{EAD0C906-86A2-4A12-80BC-582A25E557DB}.CLI|Any CPU.Build.0 = Debug|Any CPU
		{EAD0C906-86A2-4A12-80BC-582A25E557DB}.Debug|Any CPU.ActiveCfg = Debug|Any CPU
		{EAD0C906-86A2-4A12-80BC-582A25E557DB}.Debug|Any CPU.Build.0 = Debug|Any CPU
		{EAD0C906-86A2-4A12-80BC-582A25E557DB}.Debug2|Any CPU.ActiveCfg = Debug|Any CPU
		{EAD0C906-86A2-4A12-80BC-582A25E557DB}.Debug2|Any CPU.Build.0 = Debug|Any CPU
		{EAD0C906-86A2-4A12-80BC-582A25E557DB}.DebugLocal|Any CPU.ActiveCfg = Debug|Any CPU
		{EAD0C906-86A2-4A12-80BC-582A25E557DB}.DebugLocal|Any CPU.Build.0 = Debug|Any CPU
		{EAD0C906-86A2-4A12-80BC-582A25E557DB}.Release|Any CPU.ActiveCfg = Release|Any CPU
		{EAD0C906-86A2-4A12-80BC-582A25E557DB}.Release|Any CPU.Build.0 = Release|Any CPU
	EndGlobalSection
	GlobalSection(SolutionProperties) = preSolution
		HideSolutionNode = FALSE
	EndGlobalSection
	GlobalSection(ExtensibilityGlobals) = postSolution
		SolutionGuid = {200F5F84-D72C-4088-8088-DF01E95D00D7}
	EndGlobalSection
EndGlobal
